<Solution>
  <Folder Name="/Source/">
    <Project Path="HttpTestGen.Core/HttpTestGen.Core.csproj" />
    <Project Path="HttpTestGen.XunitGenerator\HttpTestGen.XunitGenerator.csproj" />
  </Folder>
  <Folder Name="/Tests/">
    <Project Path="HttpTestGen.Core.Tests\HttpTestGen.Core.Tests.csproj" />
    <Project Path="HttpTestGen.Tests/HttpTestGen.Tests.csproj" />
  </Folder>
</Solution>